
Microsoft Visual Studio Solution File, Format Version 12.00
# Visual Studio 15
VisualStudioVersion = 15.0.28307.1000
MinimumVisualStudioVersion = 10.0.40219.1
Project("{9A19103F-16F7-4668-BE54-9A1E7A4F7556}") = "MonoGame.Framework.DesktopGL.Core", "MonoGame.Framework.DesktopGL.Core.csproj", "{62EA76FB-9B07-4EC5-951D-F86D34E40B99}"
EndProject
Global
	GlobalSection(SolutionConfigurationPlatforms) = preSolution
		Debug|Any CPU = Debug|Any CPU
		Release|Any CPU = Release|Any CPU
	EndGlobalSection
	GlobalSection(ProjectConfigurationPlatforms) = postSolution
		{62EA76FB-9B07-4EC5-951D-F86D34E40B99}.Debug|Any CPU.ActiveCfg = Debug|Any CPU
		{62EA76FB-9B07-4EC5-951D-F86D34E40B99}.Debug|Any CPU.Build.0 = Debug|Any CPU
		{62EA76FB-9B07-4EC5-951D-F86D34E40B99}.Release|Any CPU.ActiveCfg = Release|Any CPU
		{62EA76FB-9B07-4EC5-951D-F86D34E40B99}.Release|Any CPU.Build.0 = Release|Any CPU
	EndGlobalSection
	GlobalSection(SolutionProperties) = preSolution
		HideSolutionNode = FALSE
	EndGlobalSection
	GlobalSection(ExtensibilityGlobals) = postSolution
		SolutionGuid = {0837CEE1-AD2C-463C-86A7-9C414F2BE562}
	EndGlobalSection
EndGlobal
